// !$*UTF8*$!
{
	archiveVersion = 1;
	classes = {
	};
	objectVersion = 46;
	objects = {

/* Begin PBXBuildFile section */
		BF6EB5301CBD6B250014EADC /* AppDelegate.swift in Sources */ = {isa = PBXBuildFile; fileRef = BF6EB52F1CBD6B250014EADC /* AppDelegate.swift */; };
		BF6EB5321CBD6B250014EADC /* ViewController.swift in Sources */ = {isa = PBXBuildFile; fileRef = BF6EB5311CBD6B250014EADC /* ViewController.swift */; };
		BF6EB5351CBD6B250014EADC /* Main.storyboard in Resources */ = {isa = PBXBuildFile; fileRef = BF6EB5331CBD6B250014EADC /* Main.storyboard */; };
		BF6EB5371CBD6B250014EADC /* Assets.xcassets in Resources */ = {isa = PBXBuildFile; fileRef = BF6EB5361CBD6B250014EADC /* Assets.xcassets */; };
		BF6EB53A1CBD6B250014EADC /* LaunchScreen.storyboard in Resources */ = {isa = PBXBuildFile; fileRef = BF6EB5381CBD6B250014EADC /* LaunchScreen.storyboard */; };
		BF6EB5421CBD6B3E0014EADC /* PatientSlider.swift in Sources */ = {isa = PBXBuildFile; fileRef = BF6EB5411CBD6B3E0014EADC /* PatientSlider.swift */; };
		BF6EB5441CBD6B520014EADC /* PatientProfile.swift in Sources */ = {isa = PBXBuildFile; fileRef = BF6EB5431CBD6B520014EADC /* PatientProfile.swift */; };
		BF6EB5461CBD7DA10014EADC /* InformationController.swift in Sources */ = {isa = PBXBuildFile; fileRef = BF6EB5451CBD7DA10014EADC /* InformationController.swift */; };
/* End PBXBuildFile section */

/* Begin PBXFileReference section */
		BF6EB52C1CBD6B250014EADC /* Scale.app */ = {isa = PBXFileReference; explicitFileType = wrapper.application; includeInIndex = 0; path = Scale.app; sourceTree = BUILT_PRODUCTS_DIR; };
		BF6EB52F1CBD6B250014EADC /* AppDelegate.swift */ = {isa = PBXFileReference; lastKnownFileType = sourcecode.swift; path = AppDelegate.swift; sourceTree = "<group>"; };
		BF6EB5311CBD6B250014EADC /* ViewController.swift */ = {isa = PBXFileReference; lastKnownFileType = sourcecode.swift; path = ViewController.swift; sourceTree = "<group>"; };
		BF6EB5341CBD6B250014EADC /* Base */ = {isa = PBXFileReference; lastKnownFileType = file.storyboard; name = Base; path = Base.lproj/Main.storyboard; sourceTree = "<group>"; };
		BF6EB5361CBD6B250014EADC /* Assets.xcassets */ = {isa = PBXFileReference; lastKnownFileType = folder.assetcatalog; path = Assets.xcassets; sourceTree = "<group>"; };
		BF6EB5391CBD6B250014EADC /* Base */ = {isa = PBXFileReference; lastKnownFileType = file.storyboard; name = Base; path = Base.lproj/LaunchScreen.storyboard; sourceTree = "<group>"; };
		BF6EB53B1CBD6B250014EADC /* Info.plist */ = {isa = PBXFileReference; lastKnownFileType = text.plist.xml; path = Info.plist; sourceTree = "<group>"; };
		BF6EB5411CBD6B3E0014EADC /* PatientSlider.swift */ = {isa = PBXFileReference; fileEncoding = 4; lastKnownFileType = sourcecode.swift; path = PatientSlider.swift; sourceTree = "<group>"; };
		BF6EB5431CBD6B520014EADC /* PatientProfile.swift */ = {isa = PBXFileReference; fileEncoding = 4; lastKnownFileType = sourcecode.swift; path = PatientProfile.swift; sourceTree = "<group>"; };
		BF6EB5451CBD7DA10014EADC /* InformationController.swift */ = {isa = PBXFileReference; fileEncoding = 4; lastKnownFileType = sourcecode.swift; path = InformationController.swift; sourceTree = "<group>"; };
/* End PBXFileReference section */

/* Begin PBXFrameworksBuildPhase section */
		BF6EB5291CBD6B250014EADC /* Frameworks */ = {
			isa = PBXFrameworksBuildPhase;
			buildActionMask = 2147483647;
			files = (
			);
			runOnlyForDeploymentPostprocessing = 0;
		};
/* End PBXFrameworksBuildPhase section */

/* Begin PBXGroup section */
		BF6EB5231CBD6B250014EADC = {
			isa = PBXGroup;
			children = (
				BF6EB52E1CBD6B250014EADC /* Scale */,
				BF6EB52D1CBD6B250014EADC /* Products */,
			);
			sourceTree = "<group>";
		};
		BF6EB52D1CBD6B250014EADC /* Products */ = {
			isa = PBXGroup;
			children = (
				BF6EB52C1CBD6B250014EADC /* Scale.app */,
			);
			name = Products;
			sourceTree = "<group>";
		};
		BF6EB52E1CBD6B250014EADC /* Scale */ = {
			isa = PBXGroup;
			children = (
				BF6EB52F1CBD6B250014EADC /* AppDelegate.swift */,
				BF6EB5311CBD6B250014EADC /* ViewController.swift */,
				BF6EB5331CBD6B250014EADC /* Main.storyboard */,
				BF6EB5361CBD6B250014EADC /* Assets.xcassets */,
				BF6EB5381CBD6B250014EADC /* LaunchScreen.storyboard */,
				BF6EB53B1CBD6B250014EADC /* Info.plist */,
				BF6EB5411CBD6B3E0014EADC /* PatientSlider.swift */,
				BF6EB5431CBD6B520014EADC /* PatientProfile.swift */,
				BF6EB5451CBD7DA10014EADC /* InformationController.swift */,
			);
			path = Scale;
			sourceTree = "<group>";
		};
/* End PBXGroup section */

/* Begin PBXNativeTarget section */
		BF6EB52B1CBD6B250014EADC /* Scale */ = {
			isa = PBXNativeTarget;
			buildConfigurationList = BF6EB53E1CBD6B250014EADC /* Build configuration list for PBXNativeTarget "Scale" */;
			buildPhases = (
				BF6EB5281CBD6B250014EADC /* Sources */,
				BF6EB5291CBD6B250014EADC /* Frameworks */,
				BF6EB52A1CBD6B250014EADC /* Resources */,
			);
			buildRules = (
			);
			dependencies = (
			);
			name = Scale;
			productName = Scale;
			productReference = BF6EB52C1CBD6B250014EADC /* Scale.app */;
			productType = "com.apple.product-type.application";
		};
/* End PBXNativeTarget section */

/* Begin PBXProject section */
		BF6EB5241CBD6B250014EADC /* Project object */ = {
			isa = PBXProject;
			attributes = {
				LastSwiftUpdateCheck = 0730;
				LastUpgradeCheck = 0730;
				ORGANIZATIONNAME = "Dhrumil Patel";
				TargetAttributes = {
					BF6EB52B1CBD6B250014EADC = {
						CreatedOnToolsVersion = 7.3;
					};
				};
			};
			buildConfigurationList = BF6EB5271CBD6B250014EADC /* Build configuration list for PBXProject "Scale" */;
			compatibilityVersion = "Xcode 3.2";
			developmentRegion = English;
			hasScannedForEncodings = 0;
			knownRegions = (
				en,
				Base,
			);
			mainGroup = BF6EB5231CBD6B250014EADC;
			productRefGroup = BF6EB52D1CBD6B250014EADC /* Products */;
			projectDirPath = "";
			projectRoot = "";
			targets = (
				BF6EB52B1CBD6B250014EADC /* Scale */,
			);
		};
/* End PBXProject section */

/* Begin PBXResourcesBuildPhase section */
		BF6EB52A1CBD6B250014EADC /* Resources */ = {
			isa = PBXResourcesBuildPhase;
			buildActionMask = 2147483647;
			files = (
				BF6EB53A1CBD6B250014EADC /* LaunchScreen.storyboard in Resources */,
				BF6EB5371CBD6B250014EADC /* Assets.xcassets in Resources */,
				BF6EB5351CBD6B250014EADC /* Main.storyboard in Resources */,
			);
			runOnlyForDeploymentPostprocessing = 0;
		};
/* End PBXResourcesBuildPhase section */

/* Begin PBXSourcesBuildPhase section */
		BF6EB5281CBD6B250014EADC /* Sources */ = {
			isa = PBXSourcesBuildPhase;
			buildActionMask = 2147483647;
			files = (
				BF6EB5321CBD6B250014EADC /* ViewController.swift in Sources */,
				BF6EB5441CBD6B520014EADC /* PatientProfile.swift in Sources */,
				BF6EB5421CBD6B3E0014EADC /* PatientSlider.swift in Sources */,
				BF6EB5301CBD6B250014EADC /* AppDelegate.swift in Sources */,
				BF6EB5461CBD7DA10014EADC /* InformationController.swift in Sources */,
			);
			runOnlyForDeploymentPostprocessing = 0;
		};
/* End PBXSourcesBuildPhase section */

/* Begin PBXVariantGroup section */
		BF6EB5331CBD6B250014EADC /* Main.storyboard */ = {
			isa = PBXVariantGroup;
			children = (
				BF6EB5341CBD6B250014EADC /* Base */,
			);
			name = Main.storyboard;
			sourceTree = "<group>";
		};
		BF6EB5381CBD6B250014EADC /* LaunchScreen.storyboard */ = {
			isa = PBXVariantGroup;
			children = (
				BF6EB5391CBD6B250014EADC /* Base */,
			);
			name = LaunchScreen.storyboard;
			sourceTree = "<group>";
		};
/* End PBXVariantGroup section */

/* Begin XCBuildConfiguration section */
		BF6EB53C1CBD6B250014EADC /* Debug */ = {
			isa = XCBuildConfiguration;
			buildSettings = {
				ALWAYS_SEARCH_USER_PATHS = NO;
				CLANG_ANALYZER_NONNULL = YES;
				CLANG_CXX_LANGUAGE_STANDARD = "gnu++0x";
				CLANG_CXX_LIBRARY = "libc++";
				CLANG_ENABLE_MODULES = YES;
				CLANG_ENABLE_OBJC_ARC = YES;
				CLANG_WARN_BOOL_CONVERSION = YES;
				CLANG_WARN_CONSTANT_CONVERSION = YES;
				CLANG_WARN_DIRECT_OBJC_ISA_USAGE = YES_ERROR;
				CLANG_WARN_EMPTY_BODY = YES;
				CLANG_WARN_ENUM_CONVERSION = YES;
				CLANG_WARN_INT_CONVERSION = YES;
				CLANG_WARN_OBJC_ROOT_CLASS = YES_ERROR;
				CLANG_WARN_UNREACHABLE_CODE = YES;
				CLANG_WARN__DUPLICATE_METHOD_MATCH = YES;
				"CODE_SIGN_IDENTITY[sdk=iphoneos*]" = "iPhone Developer";
				COPY_PHASE_STRIP = NO;
				DEBUG_INFORMATION_FORMAT = dwarf;
				ENABLE_STRICT_OBJC_MSGSEND = YES;
				ENABLE_TESTABILITY = YES;
				GCC_C_LANGUAGE_STANDARD = gnu99;
				GCC_DYNAMIC_NO_PIC = NO;
				GCC_NO_COMMON_BLOCKS = YES;
				GCC_OPTIMIZATION_LEVEL = 0;
				GCC_PREPROCESSOR_DEFINITIONS = (
					"DEBUG=1",
					"$(inherited)",
				);
				GCC_WARN_64_TO_32_BIT_CONVERSION = YES;
				GCC_WARN_ABOUT_RETURN_TYPE = YES_ERROR;
				GCC_WARN_UNDECLARED_SELECTOR = YES;
				GCC_WARN_UNINITIALIZED_AUTOS = YES_AGGRESSIVE;
				GCC_WARN_UNUSED_FUNCTION = YES;
				GCC_WARN_UNUSED_VARIABLE = YES;
				IPHONEOS_DEPLOYMENT_TARGET = 9.3;
				MTL_ENABLE_DEBUG_INFO = YES;
				ONLY_ACTIVE_ARCH = YES;
				SDKROOT = iphoneos;
				SWIFT_OPTIMIZATION_LEVEL = "-Onone";
				TARGETED_DEVICE_FAMILY = "1,2";
			};
			name = Debug;
		};
		BF6EB53D1CBD6B250014EADC /* Release */ = {
			isa = XCBuildConfiguration;
			buildSettings = {
				ALWAYS_SEARCH_USER_PATHS = NO;
				CLANG_ANALYZER_NONNULL = YES;
				CLANG_CXX_LANGUAGE_STANDARD = "gnu++0x";
				CLANG_CXX_LIBRARY = "libc++";
				CLANG_ENABLE_MODULES = YES;
				CLANG_ENABLE_OBJC_ARC = YES;
				CLANG_WARN_BOOL_CONVERSION = YES;
				CLANG_WARN_CONSTANT_CONVERSION = YES;
				CLANG_WARN_DIRECT_OBJC_ISA_USAGE = YES_ERROR;
				CLANG_WARN_EMPTY_BODY = YES;
				CLANG_WARN_ENUM_CONVERSION = YES;
				CLANG_WARN_INT_CONVERSION = YES;
				CLANG_WARN_OBJC_ROOT_CLASS = YES_ERROR;
				CLANG_WARN_UNREACHABLE_CODE = YES;
				CLANG_WARN__DUPLICATE_METHOD_MATCH = YES;
				"CODE_SIGN_IDENTITY[sdk=iphoneos*]" = "iPhone Developer";
				COPY_PHASE_STRIP = NO;
				DEBUG_INFORMATION_FORMAT = "dwarf-with-dsym";
				ENABLE_NS_ASSERTIONS = NO;
				ENABLE_STRICT_OBJC_MSGSEND = YES;
				GCC_C_LANGUAGE_STANDARD = gnu99;
				GCC_NO_COMMON_BLOCKS = YES;
				GCC_WARN_64_TO_32_BIT_CONVERSION = YES;
				GCC_WARN_ABOUT_RETURN_TYPE = YES_ERROR;
				GCC_WARN_UNDECLARED_SELECTOR = YES;
				GCC_WARN_UNINITIALIZED_AUTOS = YES_AGGRESSIVE;
				GCC_WARN_UNUSED_FUNCTION = YES;
				GCC_WARN_UNUSED_VARIABLE = YES;
				IPHONEOS_DEPLOYMENT_TARGET = 9.3;
				MTL_ENABLE_DEBUG_INFO = NO;
				SDKROOT = iphoneos;
				TARGETED_DEVICE_FAMILY = "1,2";
				VALIDATE_PRODUCT = YES;
			};
			name = Release;
		};
		BF6EB53F1CBD6B250014EADC /* Debug */ = {
			isa = XCBuildConfiguration;
			buildSettings = {
				ASSETCATALOG_COMPILER_APPICON_NAME = AppIcon;
				INFOPLIST_FILE = Scale/Info.plist;
				LD_RUNPATH_SEARCH_PATHS = "$(inherited) @executable_path/Frameworks";
				PRODUCT_BUNDLE_IDENTIFIER = com.dhrumilpatel.Scale;
				PRODUCT_NAME = "$(TARGET_NAME)";
			};
			name = Debug;
		};
		BF6EB5401CBD6B250014EADC /* Release */ = {
			isa = XCBuildConfiguration;
			buildSettings = {
				ASSETCATALOG_COMPILER_APPICON_NAME = AppIcon;
				INFOPLIST_FILE = Scale/Info.plist;
				LD_RUNPATH_SEARCH_PATHS = "$(inherited) @executable_path/Frameworks";
				PRODUCT_BUNDLE_IDENTIFIER = com.dhrumilpatel.Scale;
				PRODUCT_NAME = "$(TARGET_NAME)";
			};
			name = Release;
		};
/* End XCBuildConfiguration section */

/* Begin XCConfigurationList section */
		BF6EB5271CBD6B250014EADC /* Build configuration list for PBXProject "Scale" */ = {
			isa = XCConfigurationList;
			buildConfigurations = (
				BF6EB53C1CBD6B250014EADC /* Debug */,
				BF6EB53D1CBD6B250014EADC /* Release */,
			);
			defaultConfigurationIsVisible = 0;
			defaultConfigurationName = Release;
		};
		BF6EB53E1CBD6B250014EADC /* Build configuration list for PBXNativeTarget "Scale" */ = {
			isa = XCConfigurationList;
			buildConfigurations = (
				BF6EB53F1CBD6B250014EADC /* Debug */,
				BF6EB5401CBD6B250014EADC /* Release */,
			);
			defaultConfigurationIsVisible = 0;
		};
/* End XCConfigurationList section */
	};
	rootObject = BF6EB5241CBD6B250014EADC /* Project object */;
}
